// !$*UTF8*$!
{
	archiveVersion = 1;
	classes = {
	};
	objectVersion = 52;
	objects = {

/* Begin PBXBuildFile section */
		360B57C9265F98120006DF8E /* AppDelegate.swift in Sources */ = {isa = PBXBuildFile; fileRef = 360B57C8265F98120006DF8E /* AppDelegate.swift */; };
		360B57CB265F98120006DF8E /* SceneDelegate.swift in Sources */ = {isa = PBXBuildFile; fileRef = 360B57CA265F98120006DF8E /* SceneDelegate.swift */; };
		360B57D0265F98120006DF8E /* Main.storyboard in Resources */ = {isa = PBXBuildFile; fileRef = 360B57CE265F98120006DF8E /* Main.storyboard */; };
		360B57D2265F98130006DF8E /* Assets.xcassets in Resources */ = {isa = PBXBuildFile; fileRef = 360B57D1265F98130006DF8E /* Assets.xcassets */; };
		360B57D5265F98130006DF8E /* LaunchScreen.storyboard in Resources */ = {isa = PBXBuildFile; fileRef = 360B57D3265F98130006DF8E /* LaunchScreen.storyboard */; };
		360B57E0265F98130006DF8E /* SportDBRouterSpec.swift in Sources */ = {isa = PBXBuildFile; fileRef = 360B57DF265F98130006DF8E /* SportDBRouterSpec.swift */; };
		360B57EB265F98130006DF8E /* FootballTeamUITests.swift in Sources */ = {isa = PBXBuildFile; fileRef = 360B57EA265F98130006DF8E /* FootballTeamUITests.swift */; };
		360B5800265F9BC30006DF8E /* Alamofire in Frameworks */ = {isa = PBXBuildFile; productRef = 360B57FF265F9BC30006DF8E /* Alamofire */; };
		360B5803265F9CD10006DF8E /* FirebaseAnalytics in Frameworks */ = {isa = PBXBuildFile; productRef = 360B5802265F9CD10006DF8E /* FirebaseAnalytics */; };
		360B5805265F9CD10006DF8E /* FirebaseCrashlytics in Frameworks */ = {isa = PBXBuildFile; productRef = 360B5804265F9CD10006DF8E /* FirebaseCrashlytics */; };
		360B5808265F9DB80006DF8E /* Nimble in Frameworks */ = {isa = PBXBuildFile; productRef = 360B5807265F9DB80006DF8E /* Nimble */; };
		360B580B265F9DF80006DF8E /* Quick in Frameworks */ = {isa = PBXBuildFile; productRef = 360B580A265F9DF80006DF8E /* Quick */; };
		360B580F265FA49C0006DF8E /* TeamListInteractor.swift in Sources */ = {isa = PBXBuildFile; fileRef = 360B580E265FA49C0006DF8E /* TeamListInteractor.swift */; };
		360B5812265FB8200006DF8E /* TeamRemoteDataStoreProtocol.swift in Sources */ = {isa = PBXBuildFile; fileRef = 360B5811265FB8200006DF8E /* TeamRemoteDataStoreProtocol.swift */; };
		360B5814265FBB010006DF8E /* TeamRepresentation.swift in Sources */ = {isa = PBXBuildFile; fileRef = 360B5813265FBB010006DF8E /* TeamRepresentation.swift */; };
		360B5817265FBD060006DF8E /* SportDbClient.swift in Sources */ = {isa = PBXBuildFile; fileRef = 360B5816265FBD060006DF8E /* SportDbClient.swift */; };
		360B581A26600F640006DF8E /* SportsDBRouter.swift in Sources */ = {isa = PBXBuildFile; fileRef = 360B581926600F640006DF8E /* SportsDBRouter.swift */; };
		360B581E266013180006DF8E /* SportDBError.swift in Sources */ = {isa = PBXBuildFile; fileRef = 360B581D266013180006DF8E /* SportDBError.swift */; };
		360B5820266049990006DF8E /* Team.swift in Sources */ = {isa = PBXBuildFile; fileRef = 360B581F266049990006DF8E /* Team.swift */; };
		360B5822266054D20006DF8E /* TeamRemoteDataStoreSpec.swift in Sources */ = {isa = PBXBuildFile; fileRef = 360B5821266054D20006DF8E /* TeamRemoteDataStoreSpec.swift */; };
		360B5825266055550006DF8E /* SportAPIClientMock.swift in Sources */ = {isa = PBXBuildFile; fileRef = 360B5824266055550006DF8E /* SportAPIClientMock.swift */; };
		360B5827266055DC0006DF8E /* SearchTeamResponseRepresentation.swift in Sources */ = {isa = PBXBuildFile; fileRef = 360B5826266055DC0006DF8E /* SearchTeamResponseRepresentation.swift */; };
		363B19BC2660EFA800CA5F01 /* TeamRemoteDataStoreMock.swift in Sources */ = {isa = PBXBuildFile; fileRef = 363B19BB2660EFA800CA5F01 /* TeamRemoteDataStoreMock.swift */; };
		364A685F2664D54200BD38FC /* TeamListRouterMock.swift in Sources */ = {isa = PBXBuildFile; fileRef = 364A685E2664D54200BD38FC /* TeamListRouterMock.swift */; };
		36A8681126612A5400435B67 /* TeamListPresenter.swift in Sources */ = {isa = PBXBuildFile; fileRef = 36A8681026612A5400435B67 /* TeamListPresenter.swift */; };
		36A8681626612DA700435B67 /* TeamListCollectionViewController.swift in Sources */ = {isa = PBXBuildFile; fileRef = 36A8681526612DA700435B67 /* TeamListCollectionViewController.swift */; };
		36A8681926612FCC00435B67 /* TeamCellRepresentation.swift in Sources */ = {isa = PBXBuildFile; fileRef = 36A8681826612FCC00435B67 /* TeamCellRepresentation.swift */; };
		36A8681C26613E1500435B67 /* TeamCollectionViewCell.swift in Sources */ = {isa = PBXBuildFile; fileRef = 36A8681A26613E1500435B67 /* TeamCollectionViewCell.swift */; };
		36A8681D26613E1500435B67 /* TeamCollectionViewCell.xib in Resources */ = {isa = PBXBuildFile; fileRef = 36A8681B26613E1500435B67 /* TeamCollectionViewCell.xib */; };
		36A8682026614B0100435B67 /* AlamofireImage in Frameworks */ = {isa = PBXBuildFile; productRef = 36A8681F26614B0100435B67 /* AlamofireImage */; };
		36A8682226615F8300435B67 /* TeamListInteractorMock.swift in Sources */ = {isa = PBXBuildFile; fileRef = 36A8682126615F8300435B67 /* TeamListInteractorMock.swift */; };
		36A86824266160E000435B67 /* TeamsListPresenterSpec.swift in Sources */ = {isa = PBXBuildFile; fileRef = 36A86823266160E000435B67 /* TeamsListPresenterSpec.swift */; };
		36A86826266179D600435B67 /* TeamListRouter.swift in Sources */ = {isa = PBXBuildFile; fileRef = 36A86825266179D600435B67 /* TeamListRouter.swift */; };
		36A8682826617C3B00435B67 /* TeamsListBuilder.swift in Sources */ = {isa = PBXBuildFile; fileRef = 36A8682726617C3B00435B67 /* TeamsListBuilder.swift */; };
		36A8682D2663E64800435B67 /* TeamDetailInteractor.swift in Sources */ = {isa = PBXBuildFile; fileRef = 36A8682C2663E64800435B67 /* TeamDetailInteractor.swift */; };
		36A868332663E80600435B67 /* TeamDetailInteractorSpec.swift in Sources */ = {isa = PBXBuildFile; fileRef = 36A868322663E80600435B67 /* TeamDetailInteractorSpec.swift */; };
		36A868362663E8A600435B67 /* TeamDetailMock.swift in Sources */ = {isa = PBXBuildFile; fileRef = 36A868352663E8A600435B67 /* TeamDetailMock.swift */; };
		36A868392663EC1800435B67 /* TeamDetailPresenter.swift in Sources */ = {isa = PBXBuildFile; fileRef = 36A868382663EC1800435B67 /* TeamDetailPresenter.swift */; };
		36EF6F0626642B85008BE600 /* TeamDetailInteractorMock.swift in Sources */ = {isa = PBXBuildFile; fileRef = 36EF6F0526642B85008BE600 /* TeamDetailInteractorMock.swift */; };
		36EF6F0826642E22008BE600 /* TeamDetailPresenter.swift in Sources */ = {isa = PBXBuildFile; fileRef = 36EF6F0726642E22008BE600 /* TeamDetailPresenter.swift */; };
		36EF6F0B2664318E008BE600 /* TeamDetailTableViewController.swift in Sources */ = {isa = PBXBuildFile; fileRef = 36EF6F0A2664318E008BE600 /* TeamDetailTableViewController.swift */; };
		36EF6F14266436BF008BE600 /* HeaderView.swift in Sources */ = {isa = PBXBuildFile; fileRef = 36EF6F12266436BF008BE600 /* HeaderView.swift */; };
		36EF6F18266437D0008BE600 /* DescriptionTableViewCell.swift in Sources */ = {isa = PBXBuildFile; fileRef = 36EF6F16266437D0008BE600 /* DescriptionTableViewCell.swift */; };
		36EF6F19266437D0008BE600 /* DescriptionTableViewCell.xib in Resources */ = {isa = PBXBuildFile; fileRef = 36EF6F17266437D0008BE600 /* DescriptionTableViewCell.xib */; };
		36EF6F1D26643AE7008BE600 /* TeamDescriptionCellRepresentation.swift in Sources */ = {isa = PBXBuildFile; fileRef = 36EF6F1C26643AE7008BE600 /* TeamDescriptionCellRepresentation.swift */; };
		36EF6F1F266440D8008BE600 /* TeamDetailBuilder.swift in Sources */ = {isa = PBXBuildFile; fileRef = 36EF6F1E266440D8008BE600 /* TeamDetailBuilder.swift */; };
		36EF6F2126644ADA008BE600 /* TeamHeaderRepresentation.swift in Sources */ = {isa = PBXBuildFile; fileRef = 36EF6F2026644ADA008BE600 /* TeamHeaderRepresentation.swift */; };
		C0A66BA7266076CC0052E5B0 /* TeamListInteractorSpec.swift in Sources */ = {isa = PBXBuildFile; fileRef = C0A66BA6266076CC0052E5B0 /* TeamListInteractorSpec.swift */; };
		C0A66BB22662FA010052E5B0 /* TeamMock.swift in Sources */ = {isa = PBXBuildFile; fileRef = C0A66BB12662FA010052E5B0 /* TeamMock.swift */; };
		C0A66BB42662FADA0052E5B0 /* TeamProtocol.swift in Sources */ = {isa = PBXBuildFile; fileRef = C0A66BB32662FADA0052E5B0 /* TeamProtocol.swift */; };
/* End PBXBuildFile section */

/* Begin PBXContainerItemProxy section */
		360B57DC265F98130006DF8E /* PBXContainerItemProxy */ = {
			isa = PBXContainerItemProxy;
			containerPortal = 360B57BD265F98120006DF8E /* Project object */;
			proxyType = 1;
			remoteGlobalIDString = 360B57C4265F98120006DF8E;
			remoteInfo = FootballTeam;
		};
		360B57E7265F98130006DF8E /* PBXContainerItemProxy */ = {
			isa = PBXContainerItemProxy;
			containerPortal = 360B57BD265F98120006DF8E /* Project object */;
			proxyType = 1;
			remoteGlobalIDString = 360B57C4265F98120006DF8E;
			remoteInfo = FootballTeam;
		};
/* End PBXContainerItemProxy section */

/* Begin PBXFileReference section */
		360B57C5265F98120006DF8E /* FootballTeam.app */ = {isa = PBXFileReference; explicitFileType = wrapper.application; includeInIndex = 0; path = FootballTeam.app; sourceTree = BUILT_PRODUCTS_DIR; };
		360B57C8265F98120006DF8E /* AppDelegate.swift */ = {isa = PBXFileReference; lastKnownFileType = sourcecode.swift; path = AppDelegate.swift; sourceTree = "<group>"; };
		360B57CA265F98120006DF8E /* SceneDelegate.swift */ = {isa = PBXFileReference; lastKnownFileType = sourcecode.swift; path = SceneDelegate.swift; sourceTree = "<group>"; };
		360B57CF265F98120006DF8E /* Base */ = {isa = PBXFileReference; lastKnownFileType = file.storyboard; name = Base; path = Base.lproj/Main.storyboard; sourceTree = "<group>"; };
		360B57D1265F98130006DF8E /* Assets.xcassets */ = {isa = PBXFileReference; lastKnownFileType = folder.assetcatalog; path = Assets.xcassets; sourceTree = "<group>"; };
		360B57D4265F98130006DF8E /* Base */ = {isa = PBXFileReference; lastKnownFileType = file.storyboard; name = Base; path = Base.lproj/LaunchScreen.storyboard; sourceTree = "<group>"; };
		360B57D6265F98130006DF8E /* Info.plist */ = {isa = PBXFileReference; lastKnownFileType = text.plist.xml; path = Info.plist; sourceTree = "<group>"; };
		360B57DB265F98130006DF8E /* FootballTeamTests.xctest */ = {isa = PBXFileReference; explicitFileType = wrapper.cfbundle; includeInIndex = 0; path = FootballTeamTests.xctest; sourceTree = BUILT_PRODUCTS_DIR; };
		360B57DF265F98130006DF8E /* SportDBRouterSpec.swift */ = {isa = PBXFileReference; lastKnownFileType = sourcecode.swift; path = SportDBRouterSpec.swift; sourceTree = "<group>"; };
		360B57E1265F98130006DF8E /* Info.plist */ = {isa = PBXFileReference; lastKnownFileType = text.plist.xml; path = Info.plist; sourceTree = "<group>"; };
		360B57E6265F98130006DF8E /* FootballTeamUITests.xctest */ = {isa = PBXFileReference; explicitFileType = wrapper.cfbundle; includeInIndex = 0; path = FootballTeamUITests.xctest; sourceTree = BUILT_PRODUCTS_DIR; };
		360B57EA265F98130006DF8E /* FootballTeamUITests.swift */ = {isa = PBXFileReference; lastKnownFileType = sourcecode.swift; path = FootballTeamUITests.swift; sourceTree = "<group>"; };
		360B57EC265F98130006DF8E /* Info.plist */ = {isa = PBXFileReference; lastKnownFileType = text.plist.xml; path = Info.plist; sourceTree = "<group>"; };
		360B580E265FA49C0006DF8E /* TeamListInteractor.swift */ = {isa = PBXFileReference; lastKnownFileType = sourcecode.swift; path = TeamListInteractor.swift; sourceTree = "<group>"; };
		360B5811265FB8200006DF8E /* TeamRemoteDataStoreProtocol.swift */ = {isa = PBXFileReference; lastKnownFileType = sourcecode.swift; path = TeamRemoteDataStoreProtocol.swift; sourceTree = "<group>"; };
		360B5813265FBB010006DF8E /* TeamRepresentation.swift */ = {isa = PBXFileReference; lastKnownFileType = sourcecode.swift; path = TeamRepresentation.swift; sourceTree = "<group>"; };
		360B5816265FBD060006DF8E /* SportDbClient.swift */ = {isa = PBXFileReference; lastKnownFileType = sourcecode.swift; path = SportDbClient.swift; sourceTree = "<group>"; };
		360B581926600F640006DF8E /* SportsDBRouter.swift */ = {isa = PBXFileReference; lastKnownFileType = sourcecode.swift; path = SportsDBRouter.swift; sourceTree = "<group>"; };
		360B581D266013180006DF8E /* SportDBError.swift */ = {isa = PBXFileReference; lastKnownFileType = sourcecode.swift; path = SportDBError.swift; sourceTree = "<group>"; };
		360B581F266049990006DF8E /* Team.swift */ = {isa = PBXFileReference; lastKnownFileType = sourcecode.swift; path = Team.swift; sourceTree = "<group>"; };
		360B5821266054D20006DF8E /* TeamRemoteDataStoreSpec.swift */ = {isa = PBXFileReference; lastKnownFileType = sourcecode.swift; path = TeamRemoteDataStoreSpec.swift; sourceTree = "<group>"; };
		360B5824266055550006DF8E /* SportAPIClientMock.swift */ = {isa = PBXFileReference; lastKnownFileType = sourcecode.swift; path = SportAPIClientMock.swift; sourceTree = "<group>"; };
		360B5826266055DC0006DF8E /* SearchTeamResponseRepresentation.swift */ = {isa = PBXFileReference; lastKnownFileType = sourcecode.swift; path = SearchTeamResponseRepresentation.swift; sourceTree = "<group>"; };
		363B19BB2660EFA800CA5F01 /* TeamRemoteDataStoreMock.swift */ = {isa = PBXFileReference; lastKnownFileType = sourcecode.swift; path = TeamRemoteDataStoreMock.swift; sourceTree = "<group>"; };
		364A685E2664D54200BD38FC /* TeamListRouterMock.swift */ = {isa = PBXFileReference; lastKnownFileType = sourcecode.swift; path = TeamListRouterMock.swift; sourceTree = "<group>"; };
		36A8681026612A5400435B67 /* TeamListPresenter.swift */ = {isa = PBXFileReference; lastKnownFileType = sourcecode.swift; path = TeamListPresenter.swift; sourceTree = "<group>"; };
		36A8681526612DA700435B67 /* TeamListCollectionViewController.swift */ = {isa = PBXFileReference; lastKnownFileType = sourcecode.swift; path = TeamListCollectionViewController.swift; sourceTree = "<group>"; };
		36A8681826612FCC00435B67 /* TeamCellRepresentation.swift */ = {isa = PBXFileReference; lastKnownFileType = sourcecode.swift; path = TeamCellRepresentation.swift; sourceTree = "<group>"; };
		36A8681A26613E1500435B67 /* TeamCollectionViewCell.swift */ = {isa = PBXFileReference; lastKnownFileType = sourcecode.swift; path = TeamCollectionViewCell.swift; sourceTree = "<group>"; };
		36A8681B26613E1500435B67 /* TeamCollectionViewCell.xib */ = {isa = PBXFileReference; lastKnownFileType = file.xib; path = TeamCollectionViewCell.xib; sourceTree = "<group>"; };
		36A8682126615F8300435B67 /* TeamListInteractorMock.swift */ = {isa = PBXFileReference; lastKnownFileType = sourcecode.swift; path = TeamListInteractorMock.swift; sourceTree = "<group>"; };
		36A86823266160E000435B67 /* TeamsListPresenterSpec.swift */ = {isa = PBXFileReference; lastKnownFileType = sourcecode.swift; path = TeamsListPresenterSpec.swift; sourceTree = "<group>"; };
		36A86825266179D600435B67 /* TeamListRouter.swift */ = {isa = PBXFileReference; lastKnownFileType = sourcecode.swift; path = TeamListRouter.swift; sourceTree = "<group>"; };
		36A8682726617C3B00435B67 /* TeamsListBuilder.swift */ = {isa = PBXFileReference; lastKnownFileType = sourcecode.swift; path = TeamsListBuilder.swift; sourceTree = "<group>"; };
		36A8682C2663E64800435B67 /* TeamDetailInteractor.swift */ = {isa = PBXFileReference; lastKnownFileType = sourcecode.swift; path = TeamDetailInteractor.swift; sourceTree = "<group>"; };
		36A868322663E80600435B67 /* TeamDetailInteractorSpec.swift */ = {isa = PBXFileReference; lastKnownFileType = sourcecode.swift; path = TeamDetailInteractorSpec.swift; sourceTree = "<group>"; };
		36A868352663E8A600435B67 /* TeamDetailMock.swift */ = {isa = PBXFileReference; lastKnownFileType = sourcecode.swift; path = TeamDetailMock.swift; sourceTree = "<group>"; };
		36A868382663EC1800435B67 /* TeamDetailPresenter.swift */ = {isa = PBXFileReference; lastKnownFileType = sourcecode.swift; path = TeamDetailPresenter.swift; sourceTree = "<group>"; };
		36EF6F0526642B85008BE600 /* TeamDetailInteractorMock.swift */ = {isa = PBXFileReference; lastKnownFileType = sourcecode.swift; path = TeamDetailInteractorMock.swift; sourceTree = "<group>"; };
		36EF6F0726642E22008BE600 /* TeamDetailPresenter.swift */ = {isa = PBXFileReference; lastKnownFileType = sourcecode.swift; path = TeamDetailPresenter.swift; sourceTree = "<group>"; };
		36EF6F0A2664318E008BE600 /* TeamDetailTableViewController.swift */ = {isa = PBXFileReference; lastKnownFileType = sourcecode.swift; path = TeamDetailTableViewController.swift; sourceTree = "<group>"; };
		36EF6F12266436BF008BE600 /* HeaderView.swift */ = {isa = PBXFileReference; lastKnownFileType = sourcecode.swift; path = HeaderView.swift; sourceTree = "<group>"; };
		36EF6F16266437D0008BE600 /* DescriptionTableViewCell.swift */ = {isa = PBXFileReference; lastKnownFileType = sourcecode.swift; path = DescriptionTableViewCell.swift; sourceTree = "<group>"; };
		36EF6F17266437D0008BE600 /* DescriptionTableViewCell.xib */ = {isa = PBXFileReference; lastKnownFileType = file.xib; path = DescriptionTableViewCell.xib; sourceTree = "<group>"; };
		36EF6F1C26643AE7008BE600 /* TeamDescriptionCellRepresentation.swift */ = {isa = PBXFileReference; lastKnownFileType = sourcecode.swift; path = TeamDescriptionCellRepresentation.swift; sourceTree = "<group>"; };
		36EF6F1E266440D8008BE600 /* TeamDetailBuilder.swift */ = {isa = PBXFileReference; lastKnownFileType = sourcecode.swift; path = TeamDetailBuilder.swift; sourceTree = "<group>"; };
		36EF6F2026644ADA008BE600 /* TeamHeaderRepresentation.swift */ = {isa = PBXFileReference; lastKnownFileType = sourcecode.swift; path = TeamHeaderRepresentation.swift; sourceTree = "<group>"; };
		C0A66BA6266076CC0052E5B0 /* TeamListInteractorSpec.swift */ = {isa = PBXFileReference; lastKnownFileType = sourcecode.swift; path = TeamListInteractorSpec.swift; sourceTree = "<group>"; };
		C0A66BB12662FA010052E5B0 /* TeamMock.swift */ = {isa = PBXFileReference; lastKnownFileType = sourcecode.swift; path = TeamMock.swift; sourceTree = "<group>"; };
		C0A66BB32662FADA0052E5B0 /* TeamProtocol.swift */ = {isa = PBXFileReference; lastKnownFileType = sourcecode.swift; path = TeamProtocol.swift; sourceTree = "<group>"; };
/* End PBXFileReference section */

/* Begin PBXFrameworksBuildPhase section */
		360B57C2265F98120006DF8E /* Frameworks */ = {
			isa = PBXFrameworksBuildPhase;
			buildActionMask = 2147483647;
			files = (
				360B5800265F9BC30006DF8E /* Alamofire in Frameworks */,
				36A8682026614B0100435B67 /* AlamofireImage in Frameworks */,
				360B5805265F9CD10006DF8E /* FirebaseCrashlytics in Frameworks */,
				360B5803265F9CD10006DF8E /* FirebaseAnalytics in Frameworks */,
			);
			runOnlyForDeploymentPostprocessing = 0;
		};
		360B57D8265F98130006DF8E /* Frameworks */ = {
			isa = PBXFrameworksBuildPhase;
			buildActionMask = 2147483647;
			files = (
				360B580B265F9DF80006DF8E /* Quick in Frameworks */,
				360B5808265F9DB80006DF8E /* Nimble in Frameworks */,
			);
			runOnlyForDeploymentPostprocessing = 0;
		};
		360B57E3265F98130006DF8E /* Frameworks */ = {
			isa = PBXFrameworksBuildPhase;
			buildActionMask = 2147483647;
			files = (
			);
			runOnlyForDeploymentPostprocessing = 0;
		};
/* End PBXFrameworksBuildPhase section */

/* Begin PBXGroup section */
		360B57BC265F98120006DF8E = {
			isa = PBXGroup;
			children = (
				360B57C7265F98120006DF8E /* FootballTeam */,
				360B57DE265F98130006DF8E /* FootballTeamTests */,
				360B57E9265F98130006DF8E /* FootballTeamUITests */,
				360B57C6265F98120006DF8E /* Products */,
			);
			sourceTree = "<group>";
		};
		360B57C6265F98120006DF8E /* Products */ = {
			isa = PBXGroup;
			children = (
				360B57C5265F98120006DF8E /* FootballTeam.app */,
				360B57DB265F98130006DF8E /* FootballTeamTests.xctest */,
				360B57E6265F98130006DF8E /* FootballTeamUITests.xctest */,
			);
			name = Products;
			sourceTree = "<group>";
		};
		360B57C7265F98120006DF8E /* FootballTeam */ = {
			isa = PBXGroup;
			children = (
				360B57D6265F98130006DF8E /* Info.plist */,
				360B57C8265F98120006DF8E /* AppDelegate.swift */,
				360B57CA265F98120006DF8E /* SceneDelegate.swift */,
				360B57D1265F98130006DF8E /* Assets.xcassets */,
				360B5815265FBCE20006DF8E /* Client */,
				360B57D3265F98130006DF8E /* LaunchScreen.storyboard */,
				360B57CE265F98120006DF8E /* Main.storyboard */,
				36A868292663E2F100435B67 /* Module */,
				360B5810265FB7FE0006DF8E /* Remote */,
			);
			path = FootballTeam;
			sourceTree = "<group>";
		};
		360B57DE265F98130006DF8E /* FootballTeamTests */ = {
			isa = PBXGroup;
			children = (
				360B57E1265F98130006DF8E /* Info.plist */,
				36A868312663E7F600435B67 /* TeamDetail */,
				364A686026651C8900BD38FC /* TeamList */,
			);
			path = FootballTeamTests;
			sourceTree = "<group>";
		};
		360B57E9265F98130006DF8E /* FootballTeamUITests */ = {
			isa = PBXGroup;
			children = (
				360B57EA265F98130006DF8E /* FootballTeamUITests.swift */,
				360B57EC265F98130006DF8E /* Info.plist */,
			);
			path = FootballTeamUITests;
			sourceTree = "<group>";
		};
		360B580D265FA46A0006DF8E /* TeamList */ = {
			isa = PBXGroup;
			children = (
				C0A66BAF2662ECB80052E5B0 /* Router */,
				C0A66BAE2662ECA40052E5B0 /* Entities */,
				C0A66BAC2662EC8D0052E5B0 /* Interactor */,
				C0A66BAB2662EC870052E5B0 /* Presenter */,
				36A8681226612D4500435B67 /* View */,
				36A8682726617C3B00435B67 /* TeamsListBuilder.swift */,
			);
			path = TeamList;
			sourceTree = "<group>";
		};
		360B5810265FB7FE0006DF8E /* Remote */ = {
			isa = PBXGroup;
			children = (
				360B5811265FB8200006DF8E /* TeamRemoteDataStoreProtocol.swift */,
				360B5813265FBB010006DF8E /* TeamRepresentation.swift */,
				360B5826266055DC0006DF8E /* SearchTeamResponseRepresentation.swift */,
			);
			path = Remote;
			sourceTree = "<group>";
		};
		360B5815265FBCE20006DF8E /* Client */ = {
			isa = PBXGroup;
			children = (
				360B5816265FBD060006DF8E /* SportDbClient.swift */,
				360B581D266013180006DF8E /* SportDBError.swift */,
				360B581926600F640006DF8E /* SportsDBRouter.swift */,
			);
			path = Client;
			sourceTree = "<group>";
		};
		360B5823266055360006DF8E /* Mock */ = {
			isa = PBXGroup;
			children = (
				360B5824266055550006DF8E /* SportAPIClientMock.swift */,
				363B19BB2660EFA800CA5F01 /* TeamRemoteDataStoreMock.swift */,
				36A8682126615F8300435B67 /* TeamListInteractorMock.swift */,
				C0A66BB12662FA010052E5B0 /* TeamMock.swift */,
				364A685E2664D54200BD38FC /* TeamListRouterMock.swift */,
			);
			path = Mock;
			sourceTree = "<group>";
		};
		364A686026651C8900BD38FC /* TeamList */ = {
			isa = PBXGroup;
			children = (
				360B57DF265F98130006DF8E /* SportDBRouterSpec.swift */,
				360B5821266054D20006DF8E /* TeamRemoteDataStoreSpec.swift */,
				C0A66BA6266076CC0052E5B0 /* TeamListInteractorSpec.swift */,
				36A86823266160E000435B67 /* TeamsListPresenterSpec.swift */,
				360B5823266055360006DF8E /* Mock */,
			);
			path = TeamList;
			sourceTree = "<group>";
		};
		36A8681226612D4500435B67 /* View */ = {
			isa = PBXGroup;
			children = (
				C0A66BB02662ECF60052E5B0 /* Cells */,
				36A8681526612DA700435B67 /* TeamListCollectionViewController.swift */,
			);
			path = View;
			sourceTree = "<group>";
		};
		36A8681726612FA400435B67 /* TeamCollectionViewCell */ = {
			isa = PBXGroup;
			children = (
				36A8681A26613E1500435B67 /* TeamCollectionViewCell.swift */,
				36A8681B26613E1500435B67 /* TeamCollectionViewCell.xib */,
			);
			path = TeamCollectionViewCell;
			sourceTree = "<group>";
		};
		36A868292663E2F100435B67 /* Module */ = {
			isa = PBXGroup;
			children = (
				360B581F266049990006DF8E /* Team.swift */,
				36A8682A2663E5C600435B67 /* TeamDetail */,
				360B580D265FA46A0006DF8E /* TeamList */,
			);
			path = Module;
			sourceTree = "<group>";
		};
		36A8682A2663E5C600435B67 /* TeamDetail */ = {
			isa = PBXGroup;
			children = (
				36EF6F0926643122008BE600 /* View */,
				36A868372663EBF000435B67 /* Presenter */,
				36A8682B2663E62D00435B67 /* Interactor */,
				36EF6F1E266440D8008BE600 /* TeamDetailBuilder.swift */,
			);
			path = TeamDetail;
			sourceTree = "<group>";
		};
		36A8682B2663E62D00435B67 /* Interactor */ = {
			isa = PBXGroup;
			children = (
				36A8682C2663E64800435B67 /* TeamDetailInteractor.swift */,
			);
			path = Interactor;
			sourceTree = "<group>";
		};
		36A868312663E7F600435B67 /* TeamDetail */ = {
			isa = PBXGroup;
			children = (
				36A868342663E89800435B67 /* Mock */,
				36A868322663E80600435B67 /* TeamDetailInteractorSpec.swift */,
				36EF6F0726642E22008BE600 /* TeamDetailPresenter.swift */,
			);
			path = TeamDetail;
			sourceTree = "<group>";
		};
		36A868342663E89800435B67 /* Mock */ = {
			isa = PBXGroup;
			children = (
				36A868352663E8A600435B67 /* TeamDetailMock.swift */,
				36EF6F0526642B85008BE600 /* TeamDetailInteractorMock.swift */,
			);
			path = Mock;
			sourceTree = "<group>";
		};
		36A868372663EBF000435B67 /* Presenter */ = {
			isa = PBXGroup;
			children = (
				36EF6F1C26643AE7008BE600 /* TeamDescriptionCellRepresentation.swift */,
				36EF6F2026644ADA008BE600 /* TeamHeaderRepresentation.swift */,
				36A868382663EC1800435B67 /* TeamDetailPresenter.swift */,
			);
			path = Presenter;
			sourceTree = "<group>";
		};
		36EF6F0926643122008BE600 /* View */ = {
			isa = PBXGroup;
			children = (
				36EF6F1A266439E8008BE600 /* HeaderView */,
				36EF6F112664369D008BE600 /* Cells */,
				36EF6F0A2664318E008BE600 /* TeamDetailTableViewController.swift */,
			);
			path = View;
			sourceTree = "<group>";
		};
		36EF6F112664369D008BE600 /* Cells */ = {
			isa = PBXGroup;
			children = (
				36EF6F1B266439F4008BE600 /* DescriptionCell */,
			);
			path = Cells;
			sourceTree = "<group>";
		};
		36EF6F1A266439E8008BE600 /* HeaderView */ = {
			isa = PBXGroup;
			children = (
				36EF6F12266436BF008BE600 /* HeaderView.swift */,
			);
			path = HeaderView;
			sourceTree = "<group>";
		};
		36EF6F1B266439F4008BE600 /* DescriptionCell */ = {
			isa = PBXGroup;
			children = (
				36EF6F16266437D0008BE600 /* DescriptionTableViewCell.swift */,
				36EF6F17266437D0008BE600 /* DescriptionTableViewCell.xib */,
			);
			path = DescriptionCell;
			sourceTree = "<group>";
		};
		C0A66BAB2662EC870052E5B0 /* Presenter */ = {
			isa = PBXGroup;
			children = (
				36A8681826612FCC00435B67 /* TeamCellRepresentation.swift */,
				36A8681026612A5400435B67 /* TeamListPresenter.swift */,
			);
			path = Presenter;
			sourceTree = "<group>";
		};
		C0A66BAC2662EC8D0052E5B0 /* Interactor */ = {
			isa = PBXGroup;
			children = (
				360B580E265FA49C0006DF8E /* TeamListInteractor.swift */,
			);
			path = Interactor;
			sourceTree = "<group>";
		};
		C0A66BAE2662ECA40052E5B0 /* Entities */ = {
			isa = PBXGroup;
			children = (
				C0A66BB32662FADA0052E5B0 /* TeamProtocol.swift */,
			);
			path = Entities;
			sourceTree = "<group>";
		};
		C0A66BAF2662ECB80052E5B0 /* Router */ = {
			isa = PBXGroup;
			children = (
				36A86825266179D600435B67 /* TeamListRouter.swift */,
			);
			path = Router;
			sourceTree = "<group>";
		};
		C0A66BB02662ECF60052E5B0 /* Cells */ = {
			isa = PBXGroup;
			children = (
				36A8681726612FA400435B67 /* TeamCollectionViewCell */,
			);
			path = Cells;
			sourceTree = "<group>";
		};
/* End PBXGroup section */

/* Begin PBXNativeTarget section */
		360B57C4265F98120006DF8E /* FootballTeam */ = {
			isa = PBXNativeTarget;
			buildConfigurationList = 360B57EF265F98130006DF8E /* Build configuration list for PBXNativeTarget "FootballTeam" */;
			buildPhases = (
				360B580C265F9F380006DF8E /* Swiftlint */,
				360B57C1265F98120006DF8E /* Sources */,
				360B57C2265F98120006DF8E /* Frameworks */,
				360B57C3265F98120006DF8E /* Resources */,
			);
			buildRules = (
			);
			dependencies = (
			);
			name = FootballTeam;
			packageProductDependencies = (
				360B57FF265F9BC30006DF8E /* Alamofire */,
				360B5802265F9CD10006DF8E /* FirebaseAnalytics */,
				360B5804265F9CD10006DF8E /* FirebaseCrashlytics */,
				36A8681F26614B0100435B67 /* AlamofireImage */,
			);
			productName = FootballTeam;
			productReference = 360B57C5265F98120006DF8E /* FootballTeam.app */;
			productType = "com.apple.product-type.application";
		};
		360B57DA265F98130006DF8E /* FootballTeamTests */ = {
			isa = PBXNativeTarget;
			buildConfigurationList = 360B57F2265F98130006DF8E /* Build configuration list for PBXNativeTarget "FootballTeamTests" */;
			buildPhases = (
				360B57D7265F98130006DF8E /* Sources */,
				360B57D8265F98130006DF8E /* Frameworks */,
				360B57D9265F98130006DF8E /* Resources */,
			);
			buildRules = (
			);
			dependencies = (
				360B57DD265F98130006DF8E /* PBXTargetDependency */,
			);
			name = FootballTeamTests;
			packageProductDependencies = (
				360B5807265F9DB80006DF8E /* Nimble */,
				360B580A265F9DF80006DF8E /* Quick */,
			);
			productName = FootballTeamTests;
			productReference = 360B57DB265F98130006DF8E /* FootballTeamTests.xctest */;
			productType = "com.apple.product-type.bundle.unit-test";
		};
		360B57E5265F98130006DF8E /* FootballTeamUITests */ = {
			isa = PBXNativeTarget;
			buildConfigurationList = 360B57F5265F98130006DF8E /* Build configuration list for PBXNativeTarget "FootballTeamUITests" */;
			buildPhases = (
				360B57E2265F98130006DF8E /* Sources */,
				360B57E3265F98130006DF8E /* Frameworks */,
				360B57E4265F98130006DF8E /* Resources */,
			);
			buildRules = (
			);
			dependencies = (
				360B57E8265F98130006DF8E /* PBXTargetDependency */,
			);
			name = FootballTeamUITests;
			productName = FootballTeamUITests;
			productReference = 360B57E6265F98130006DF8E /* FootballTeamUITests.xctest */;
			productType = "com.apple.product-type.bundle.ui-testing";
		};
/* End PBXNativeTarget section */

/* Begin PBXProject section */
		360B57BD265F98120006DF8E /* Project object */ = {
			isa = PBXProject;
			attributes = {
				LastSwiftUpdateCheck = 1250;
				LastUpgradeCheck = 1250;
				TargetAttributes = {
					360B57C4265F98120006DF8E = {
						CreatedOnToolsVersion = 12.5;
					};
					360B57DA265F98130006DF8E = {
						CreatedOnToolsVersion = 12.5;
						TestTargetID = 360B57C4265F98120006DF8E;
					};
					360B57E5265F98130006DF8E = {
						CreatedOnToolsVersion = 12.5;
						TestTargetID = 360B57C4265F98120006DF8E;
					};
				};
			};
			buildConfigurationList = 360B57C0265F98120006DF8E /* Build configuration list for PBXProject "FootballTeam" */;
			compatibilityVersion = "Xcode 9.3";
			developmentRegion = en;
			hasScannedForEncodings = 0;
			knownRegions = (
				en,
				Base,
			);
			mainGroup = 360B57BC265F98120006DF8E;
			packageReferences = (
				360B57FE265F9BC30006DF8E /* XCRemoteSwiftPackageReference "Alamofire" */,
				360B5801265F9CD10006DF8E /* XCRemoteSwiftPackageReference "firebase-ios-sdk" */,
				360B5806265F9DB80006DF8E /* XCRemoteSwiftPackageReference "Nimble" */,
				360B5809265F9DF80006DF8E /* XCRemoteSwiftPackageReference "Quick" */,
				36A8681E26614B0100435B67 /* XCRemoteSwiftPackageReference "AlamofireImage" */,
			);
			productRefGroup = 360B57C6265F98120006DF8E /* Products */;
			projectDirPath = "";
			projectRoot = "";
			targets = (
				360B57C4265F98120006DF8E /* FootballTeam */,
				360B57DA265F98130006DF8E /* FootballTeamTests */,
				360B57E5265F98130006DF8E /* FootballTeamUITests */,
			);
		};
/* End PBXProject section */

/* Begin PBXResourcesBuildPhase section */
		360B57C3265F98120006DF8E /* Resources */ = {
			isa = PBXResourcesBuildPhase;
			buildActionMask = 2147483647;
			files = (
				360B57D5265F98130006DF8E /* LaunchScreen.storyboard in Resources */,
				36A8681D26613E1500435B67 /* TeamCollectionViewCell.xib in Resources */,
				36EF6F19266437D0008BE600 /* DescriptionTableViewCell.xib in Resources */,
				360B57D2265F98130006DF8E /* Assets.xcassets in Resources */,
				360B57D0265F98120006DF8E /* Main.storyboard in Resources */,
			);
			runOnlyForDeploymentPostprocessing = 0;
		};
		360B57D9265F98130006DF8E /* Resources */ = {
			isa = PBXResourcesBuildPhase;
			buildActionMask = 2147483647;
			files = (
			);
			runOnlyForDeploymentPostprocessing = 0;
		};
		360B57E4265F98130006DF8E /* Resources */ = {
			isa = PBXResourcesBuildPhase;
			buildActionMask = 2147483647;
			files = (
			);
			runOnlyForDeploymentPostprocessing = 0;
		};
/* End PBXResourcesBuildPhase section */

/* Begin PBXShellScriptBuildPhase section */
		360B580C265F9F380006DF8E /* Swiftlint */ = {
			isa = PBXShellScriptBuildPhase;
			buildActionMask = 2147483647;
			files = (
			);
			inputFileListPaths = (
			);
			inputPaths = (
			);
			name = Swiftlint;
			outputFileListPaths = (
			);
			outputPaths = (
			);
			runOnlyForDeploymentPostprocessing = 0;
			shellPath = /bin/sh;
			shellScript = "if test -d \"/opt/homebrew/bin/\"; then\n  PATH=\"/opt/homebrew/bin/:${PATH}\"\nfi\n\nexport PATH\n\nif which swiftlint >/dev/null; then\n  swiftlint autocorrect\n  swiftlint\nelse\n  echo \"warning: SwiftLint not installed, download from https://github.com/realm/SwiftLint\"\nfi\n";
		};
/* End PBXShellScriptBuildPhase section */

/* Begin PBXSourcesBuildPhase section */
		360B57C1265F98120006DF8E /* Sources */ = {
			isa = PBXSourcesBuildPhase;
			buildActionMask = 2147483647;
			files = (
				36A8681126612A5400435B67 /* TeamListPresenter.swift in Sources */,
				360B581A26600F640006DF8E /* SportsDBRouter.swift in Sources */,
				360B5817265FBD060006DF8E /* SportDbClient.swift in Sources */,
				360B5812265FB8200006DF8E /* TeamRemoteDataStoreProtocol.swift in Sources */,
				360B580F265FA49C0006DF8E /* TeamListInteractor.swift in Sources */,
				360B57C9265F98120006DF8E /* AppDelegate.swift in Sources */,
				36A868392663EC1800435B67 /* TeamDetailPresenter.swift in Sources */,
				36A8682D2663E64800435B67 /* TeamDetailInteractor.swift in Sources */,
				36A86826266179D600435B67 /* TeamListRouter.swift in Sources */,
				36A8681926612FCC00435B67 /* TeamCellRepresentation.swift in Sources */,
				36A8681626612DA700435B67 /* TeamListCollectionViewController.swift in Sources */,
				360B57CB265F98120006DF8E /* SceneDelegate.swift in Sources */,
				36EF6F18266437D0008BE600 /* DescriptionTableViewCell.swift in Sources */,
				360B5814265FBB010006DF8E /* TeamRepresentation.swift in Sources */,
				36EF6F1F266440D8008BE600 /* TeamDetailBuilder.swift in Sources */,
				36EF6F2126644ADA008BE600 /* TeamHeaderRepresentation.swift in Sources */,
				36A8682826617C3B00435B67 /* TeamsListBuilder.swift in Sources */,
				36EF6F0B2664318E008BE600 /* TeamDetailTableViewController.swift in Sources */,
				36EF6F14266436BF008BE600 /* HeaderView.swift in Sources */,
				360B5820266049990006DF8E /* Team.swift in Sources */,
				36A8681C26613E1500435B67 /* TeamCollectionViewCell.swift in Sources */,
				360B5827266055DC0006DF8E /* SearchTeamResponseRepresentation.swift in Sources */,
				36EF6F1D26643AE7008BE600 /* TeamDescriptionCellRepresentation.swift in Sources */,
				360B581E266013180006DF8E /* SportDBError.swift in Sources */,
				C0A66BB42662FADA0052E5B0 /* TeamProtocol.swift in Sources */,
			);
			runOnlyForDeploymentPostprocessing = 0;
		};
		360B57D7265F98130006DF8E /* Sources */ = {
			isa = PBXSourcesBuildPhase;
			buildActionMask = 2147483647;
			files = (
				36EF6F0626642B85008BE600 /* TeamDetailInteractorMock.swift in Sources */,
				36A86824266160E000435B67 /* TeamsListPresenterSpec.swift in Sources */,
				364A685F2664D54200BD38FC /* TeamListRouterMock.swift in Sources */,
				C0A66BA7266076CC0052E5B0 /* TeamListInteractorSpec.swift in Sources */,
				36A8682226615F8300435B67 /* TeamListInteractorMock.swift in Sources */,
				36A868362663E8A600435B67 /* TeamDetailMock.swift in Sources */,
				360B5825266055550006DF8E /* SportAPIClientMock.swift in Sources */,
				36EF6F0826642E22008BE600 /* TeamDetailPresenter.swift in Sources */,
				C0A66BB22662FA010052E5B0 /* TeamMock.swift in Sources */,
				360B5822266054D20006DF8E /* TeamRemoteDataStoreSpec.swift in Sources */,
				360B57E0265F98130006DF8E /* SportDBRouterSpec.swift in Sources */,
				36A868332663E80600435B67 /* TeamDetailInteractorSpec.swift in Sources */,
				363B19BC2660EFA800CA5F01 /* TeamRemoteDataStoreMock.swift in Sources */,
			);
			runOnlyForDeploymentPostprocessing = 0;
		};
		360B57E2265F98130006DF8E /* Sources */ = {
			isa = PBXSourcesBuildPhase;
			buildActionMask = 2147483647;
			files = (
				360B57EB265F98130006DF8E /* FootballTeamUITests.swift in Sources */,
			);
			runOnlyForDeploymentPostprocessing = 0;
		};
/* End PBXSourcesBuildPhase section */

/* Begin PBXTargetDependency section */
		360B57DD265F98130006DF8E /* PBXTargetDependency */ = {
			isa = PBXTargetDependency;
			target = 360B57C4265F98120006DF8E /* FootballTeam */;
			targetProxy = 360B57DC265F98130006DF8E /* PBXContainerItemProxy */;
		};
		360B57E8265F98130006DF8E /* PBXTargetDependency */ = {
			isa = PBXTargetDependency;
			target = 360B57C4265F98120006DF8E /* FootballTeam */;
			targetProxy = 360B57E7265F98130006DF8E /* PBXContainerItemProxy */;
		};
/* End PBXTargetDependency section */

/* Begin PBXVariantGroup section */
		360B57CE265F98120006DF8E /* Main.storyboard */ = {
			isa = PBXVariantGroup;
			children = (
				360B57CF265F98120006DF8E /* Base */,
			);
			name = Main.storyboard;
			sourceTree = "<group>";
		};
		360B57D3265F98130006DF8E /* LaunchScreen.storyboard */ = {
			isa = PBXVariantGroup;
			children = (
				360B57D4265F98130006DF8E /* Base */,
			);
			name = LaunchScreen.storyboard;
			sourceTree = "<group>";
		};
/* End PBXVariantGroup section */

/* Begin XCBuildConfiguration section */
		360B57ED265F98130006DF8E /* Debug */ = {
			isa = XCBuildConfiguration;
			buildSettings = {
				ALWAYS_SEARCH_USER_PATHS = NO;
				CLANG_ANALYZER_NONNULL = YES;
				CLANG_ANALYZER_NUMBER_OBJECT_CONVERSION = YES_AGGRESSIVE;
				CLANG_CXX_LANGUAGE_STANDARD = "gnu++14";
				CLANG_CXX_LIBRARY = "libc++";
				CLANG_ENABLE_MODULES = YES;
				CLANG_ENABLE_OBJC_ARC = YES;
				CLANG_ENABLE_OBJC_WEAK = YES;
				CLANG_WARN_BLOCK_CAPTURE_AUTORELEASING = YES;
				CLANG_WARN_BOOL_CONVERSION = YES;
				CLANG_WARN_COMMA = YES;
				CLANG_WARN_CONSTANT_CONVERSION = YES;
				CLANG_WARN_DEPRECATED_OBJC_IMPLEMENTATIONS = YES;
				CLANG_WARN_DIRECT_OBJC_ISA_USAGE = YES_ERROR;
				CLANG_WARN_DOCUMENTATION_COMMENTS = YES;
				CLANG_WARN_EMPTY_BODY = YES;
				CLANG_WARN_ENUM_CONVERSION = YES;
				CLANG_WARN_INFINITE_RECURSION = YES;
				CLANG_WARN_INT_CONVERSION = YES;
				CLANG_WARN_NON_LITERAL_NULL_CONVERSION = YES;
				CLANG_WARN_OBJC_IMPLICIT_RETAIN_SELF = YES;
				CLANG_WARN_OBJC_LITERAL_CONVERSION = YES;
				CLANG_WARN_OBJC_ROOT_CLASS = YES_ERROR;
				CLANG_WARN_QUOTED_INCLUDE_IN_FRAMEWORK_HEADER = YES;
				CLANG_WARN_RANGE_LOOP_ANALYSIS = YES;
				CLANG_WARN_STRICT_PROTOTYPES = YES;
				CLANG_WARN_SUSPICIOUS_MOVE = YES;
				CLANG_WARN_UNGUARDED_AVAILABILITY = YES_AGGRESSIVE;
				CLANG_WARN_UNREACHABLE_CODE = YES;
				CLANG_WARN__DUPLICATE_METHOD_MATCH = YES;
				COPY_PHASE_STRIP = NO;
				DEBUG_INFORMATION_FORMAT = dwarf;
				ENABLE_STRICT_OBJC_MSGSEND = YES;
				ENABLE_TESTABILITY = YES;
				GCC_C_LANGUAGE_STANDARD = gnu11;
				GCC_DYNAMIC_NO_PIC = NO;
				GCC_NO_COMMON_BLOCKS = YES;
				GCC_OPTIMIZATION_LEVEL = 0;
				GCC_PREPROCESSOR_DEFINITIONS = (
					"DEBUG=1",
					"$(inherited)",
				);
				GCC_WARN_64_TO_32_BIT_CONVERSION = YES;
				GCC_WARN_ABOUT_RETURN_TYPE = YES_ERROR;
				GCC_WARN_UNDECLARED_SELECTOR = YES;
				GCC_WARN_UNINITIALIZED_AUTOS = YES_AGGRESSIVE;
				GCC_WARN_UNUSED_FUNCTION = YES;
				GCC_WARN_UNUSED_VARIABLE = YES;
				IPHONEOS_DEPLOYMENT_TARGET = 14.5;
				MTL_ENABLE_DEBUG_INFO = INCLUDE_SOURCE;
				MTL_FAST_MATH = YES;
				ONLY_ACTIVE_ARCH = YES;
				SDKROOT = iphoneos;
				SWIFT_ACTIVE_COMPILATION_CONDITIONS = DEBUG;
				SWIFT_OPTIMIZATION_LEVEL = "-Onone";
			};
			name = Debug;
		};
		360B57EE265F98130006DF8E /* Release */ = {
			isa = XCBuildConfiguration;
			buildSettings = {
				ALWAYS_SEARCH_USER_PATHS = NO;
				CLANG_ANALYZER_NONNULL = YES;
				CLANG_ANALYZER_NUMBER_OBJECT_CONVERSION = YES_AGGRESSIVE;
				CLANG_CXX_LANGUAGE_STANDARD = "gnu++14";
				CLANG_CXX_LIBRARY = "libc++";
				CLANG_ENABLE_MODULES = YES;
				CLANG_ENABLE_OBJC_ARC = YES;
				CLANG_ENABLE_OBJC_WEAK = YES;
				CLANG_WARN_BLOCK_CAPTURE_AUTORELEASING = YES;
				CLANG_WARN_BOOL_CONVERSION = YES;
				CLANG_WARN_COMMA = YES;
				CLANG_WARN_CONSTANT_CONVERSION = YES;
				CLANG_WARN_DEPRECATED_OBJC_IMPLEMENTATIONS = YES;
				CLANG_WARN_DIRECT_OBJC_ISA_USAGE = YES_ERROR;
				CLANG_WARN_DOCUMENTATION_COMMENTS = YES;
				CLANG_WARN_EMPTY_BODY = YES;
				CLANG_WARN_ENUM_CONVERSION = YES;
				CLANG_WARN_INFINITE_RECURSION = YES;
				CLANG_WARN_INT_CONVERSION = YES;
				CLANG_WARN_NON_LITERAL_NULL_CONVERSION = YES;
				CLANG_WARN_OBJC_IMPLICIT_RETAIN_SELF = YES;
				CLANG_WARN_OBJC_LITERAL_CONVERSION = YES;
				CLANG_WARN_OBJC_ROOT_CLASS = YES_ERROR;
				CLANG_WARN_QUOTED_INCLUDE_IN_FRAMEWORK_HEADER = YES;
				CLANG_WARN_RANGE_LOOP_ANALYSIS = YES;
				CLANG_WARN_STRICT_PROTOTYPES = YES;
				CLANG_WARN_SUSPICIOUS_MOVE = YES;
				CLANG_WARN_UNGUARDED_AVAILABILITY = YES_AGGRESSIVE;
				CLANG_WARN_UNREACHABLE_CODE = YES;
				CLANG_WARN__DUPLICATE_METHOD_MATCH = YES;
				COPY_PHASE_STRIP = NO;
				DEBUG_INFORMATION_FORMAT = "dwarf-with-dsym";
				ENABLE_NS_ASSERTIONS = NO;
				ENABLE_STRICT_OBJC_MSGSEND = YES;
				GCC_C_LANGUAGE_STANDARD = gnu11;
				GCC_NO_COMMON_BLOCKS = YES;
				GCC_WARN_64_TO_32_BIT_CONVERSION = YES;
				GCC_WARN_ABOUT_RETURN_TYPE = YES_ERROR;
				GCC_WARN_UNDECLARED_SELECTOR = YES;
				GCC_WARN_UNINITIALIZED_AUTOS = YES_AGGRESSIVE;
				GCC_WARN_UNUSED_FUNCTION = YES;
				GCC_WARN_UNUSED_VARIABLE = YES;
				IPHONEOS_DEPLOYMENT_TARGET = 14.5;
				MTL_ENABLE_DEBUG_INFO = NO;
				MTL_FAST_MATH = YES;
				SDKROOT = iphoneos;
				SWIFT_COMPILATION_MODE = wholemodule;
				SWIFT_OPTIMIZATION_LEVEL = "-O";
				VALIDATE_PRODUCT = YES;
			};
			name = Release;
		};
		360B57F0265F98130006DF8E /* Debug */ = {
			isa = XCBuildConfiguration;
			buildSettings = {
				ASSETCATALOG_COMPILER_APPICON_NAME = AppIcon;
				ASSETCATALOG_COMPILER_GLOBAL_ACCENT_COLOR_NAME = AccentColor;
				CODE_SIGN_STYLE = Automatic;
				DEVELOPMENT_TEAM = WGQV3YPMH6;
				INFOPLIST_FILE = FootballTeam/Info.plist;
				LD_RUNPATH_SEARCH_PATHS = (
					"$(inherited)",
					"@executable_path/Frameworks",
				);
				PRODUCT_BUNDLE_IDENTIFIER = gsabatie.FootballTeam;
				PRODUCT_NAME = "$(TARGET_NAME)";
				SWIFT_VERSION = 5.0;
				TARGETED_DEVICE_FAMILY = 1;
			};
			name = Debug;
		};
		360B57F1265F98130006DF8E /* Release */ = {
			isa = XCBuildConfiguration;
			buildSettings = {
				ASSETCATALOG_COMPILER_APPICON_NAME = AppIcon;
				ASSETCATALOG_COMPILER_GLOBAL_ACCENT_COLOR_NAME = AccentColor;
				CODE_SIGN_STYLE = Automatic;
				DEVELOPMENT_TEAM = WGQV3YPMH6;
				INFOPLIST_FILE = FootballTeam/Info.plist;
				LD_RUNPATH_SEARCH_PATHS = (
					"$(inherited)",
					"@executable_path/Frameworks",
				);
				PRODUCT_BUNDLE_IDENTIFIER = gsabatie.FootballTeam;
				PRODUCT_NAME = "$(TARGET_NAME)";
				SWIFT_VERSION = 5.0;
				TARGETED_DEVICE_FAMILY = 1;
			};
			name = Release;
		};
		360B57F3265F98130006DF8E /* Debug */ = {
			isa = XCBuildConfiguration;
			buildSettings = {
				ALWAYS_EMBED_SWIFT_STANDARD_LIBRARIES = YES;
				BUNDLE_LOADER = "$(TEST_HOST)";
				CODE_SIGN_STYLE = Automatic;
				DEVELOPMENT_TEAM = WGQV3YPMH6;
				INFOPLIST_FILE = FootballTeamTests/Info.plist;
				IPHONEOS_DEPLOYMENT_TARGET = 14.5;
				LD_RUNPATH_SEARCH_PATHS = (
					"$(inherited)",
					"@executable_path/Frameworks",
					"@loader_path/Frameworks",
				);
				PRODUCT_BUNDLE_IDENTIFIER = gsabatie.FootballTeamTests;
				PRODUCT_NAME = "$(TARGET_NAME)";
				SWIFT_VERSION = 5.0;
				TARGETED_DEVICE_FAMILY = "1,2";
				TEST_HOST = "$(BUILT_PRODUCTS_DIR)/FootballTeam.app/FootballTeam";
			};
			name = Debug;
		};
		360B57F4265F98130006DF8E /* Release */ = {
			isa = XCBuildConfiguration;
			buildSettings = {
				ALWAYS_EMBED_SWIFT_STANDARD_LIBRARIES = YES;
				BUNDLE_LOADER = "$(TEST_HOST)";
				CODE_SIGN_STYLE = Automatic;
				DEVELOPMENT_TEAM = WGQV3YPMH6;
				INFOPLIST_FILE = FootballTeamTests/Info.plist;
				IPHONEOS_DEPLOYMENT_TARGET = 14.5;
				LD_RUNPATH_SEARCH_PATHS = (
					"$(inherited)",
					"@executable_path/Frameworks",
					"@loader_path/Frameworks",
				);
				PRODUCT_BUNDLE_IDENTIFIER = gsabatie.FootballTeamTests;
				PRODUCT_NAME = "$(TARGET_NAME)";
				SWIFT_VERSION = 5.0;
				TARGETED_DEVICE_FAMILY = "1,2";
				TEST_HOST = "$(BUILT_PRODUCTS_DIR)/FootballTeam.app/FootballTeam";
			};
			name = Release;
		};
		360B57F6265F98130006DF8E /* Debug */ = {
			isa = XCBuildConfiguration;
			buildSettings = {
				ALWAYS_EMBED_SWIFT_STANDARD_LIBRARIES = YES;
				CODE_SIGN_STYLE = Automatic;
				DEVELOPMENT_TEAM = WGQV3YPMH6;
				INFOPLIST_FILE = FootballTeamUITests/Info.plist;
				LD_RUNPATH_SEARCH_PATHS = (
					"$(inherited)",
					"@executable_path/Frameworks",
					"@loader_path/Frameworks",
				);
				PRODUCT_BUNDLE_IDENTIFIER = gsabatie.FootballTeamUITests;
				PRODUCT_NAME = "$(TARGET_NAME)";
				SWIFT_VERSION = 5.0;
				TARGETED_DEVICE_FAMILY = "1,2";
				TEST_TARGET_NAME = FootballTeam;
			};
			name = Debug;
		};
		360B57F7265F98130006DF8E /* Release */ = {
			isa = XCBuildConfiguration;
			buildSettings = {
				ALWAYS_EMBED_SWIFT_STANDARD_LIBRARIES = YES;
				CODE_SIGN_STYLE = Automatic;
				DEVELOPMENT_TEAM = WGQV3YPMH6;
				INFOPLIST_FILE = FootballTeamUITests/Info.plist;
				LD_RUNPATH_SEARCH_PATHS = (
					"$(inherited)",
					"@executable_path/Frameworks",
					"@loader_path/Frameworks",
				);
				PRODUCT_BUNDLE_IDENTIFIER = gsabatie.FootballTeamUITests;
				PRODUCT_NAME = "$(TARGET_NAME)";
				SWIFT_VERSION = 5.0;
				TARGETED_DEVICE_FAMILY = "1,2";
				TEST_TARGET_NAME = FootballTeam;
			};
			name = Release;
		};
/* End XCBuildConfiguration section */

/* Begin XCConfigurationList section */
		360B57C0265F98120006DF8E /* Build configuration list for PBXProject "FootballTeam" */ = {
			isa = XCConfigurationList;
			buildConfigurations = (
				360B57ED265F98130006DF8E /* Debug */,
				360B57EE265F98130006DF8E /* Release */,
			);
			defaultConfigurationIsVisible = 0;
			defaultConfigurationName = Release;
		};
		360B57EF265F98130006DF8E /* Build configuration list for PBXNativeTarget "FootballTeam" */ = {
			isa = XCConfigurationList;
			buildConfigurations = (
				360B57F0265F98130006DF8E /* Debug */,
				360B57F1265F98130006DF8E /* Release */,
			);
			defaultConfigurationIsVisible = 0;
			defaultConfigurationName = Release;
		};
		360B57F2265F98130006DF8E /* Build configuration list for PBXNativeTarget "FootballTeamTests" */ = {
			isa = XCConfigurationList;
			buildConfigurations = (
				360B57F3265F98130006DF8E /* Debug */,
				360B57F4265F98130006DF8E /* Release */,
			);
			defaultConfigurationIsVisible = 0;
			defaultConfigurationName = Release;
		};
		360B57F5265F98130006DF8E /* Build configuration list for PBXNativeTarget "FootballTeamUITests" */ = {
			isa = XCConfigurationList;
			buildConfigurations = (
				360B57F6265F98130006DF8E /* Debug */,
				360B57F7265F98130006DF8E /* Release */,
			);
			defaultConfigurationIsVisible = 0;
			defaultConfigurationName = Release;
		};
/* End XCConfigurationList section */

/* Begin XCRemoteSwiftPackageReference section */
		360B57FE265F9BC30006DF8E /* XCRemoteSwiftPackageReference "Alamofire" */ = {
			isa = XCRemoteSwiftPackageReference;
			repositoryURL = "https://github.com/Alamofire/Alamofire";
			requirement = {
				kind = upToNextMajorVersion;
				minimumVersion = 5.4.3;
			};
		};
		360B5801265F9CD10006DF8E /* XCRemoteSwiftPackageReference "firebase-ios-sdk" */ = {
			isa = XCRemoteSwiftPackageReference;
			repositoryURL = "https://github.com/firebase/firebase-ios-sdk.git";
			requirement = {
				kind = upToNextMajorVersion;
				minimumVersion = 8.0.0;
			};
		};
		360B5806265F9DB80006DF8E /* XCRemoteSwiftPackageReference "Nimble" */ = {
			isa = XCRemoteSwiftPackageReference;
			repositoryURL = "https://github.com/Quick/Nimble";
			requirement = {
				kind = upToNextMajorVersion;
				minimumVersion = 9.2.0;
			};
		};
		360B5809265F9DF80006DF8E /* XCRemoteSwiftPackageReference "Quick" */ = {
			isa = XCRemoteSwiftPackageReference;
			repositoryURL = "https://github.com/Quick/Quick";
			requirement = {
				kind = upToNextMajorVersion;
				minimumVersion = 4.0.0;
			};
		};
		36A8681E26614B0100435B67 /* XCRemoteSwiftPackageReference "AlamofireImage" */ = {
			isa = XCRemoteSwiftPackageReference;
			repositoryURL = "https://github.com/Alamofire/AlamofireImage";
			requirement = {
				kind = upToNextMajorVersion;
				minimumVersion = 4.2.0;
			};
		};
/* End XCRemoteSwiftPackageReference section */

/* Begin XCSwiftPackageProductDependency section */
		360B57FF265F9BC30006DF8E /* Alamofire */ = {
			isa = XCSwiftPackageProductDependency;
			package = 360B57FE265F9BC30006DF8E /* XCRemoteSwiftPackageReference "Alamofire" */;
			productName = Alamofire;
		};
		360B5802265F9CD10006DF8E /* FirebaseAnalytics */ = {
			isa = XCSwiftPackageProductDependency;
			package = 360B5801265F9CD10006DF8E /* XCRemoteSwiftPackageReference "firebase-ios-sdk" */;
			productName = FirebaseAnalytics;
		};
		360B5804265F9CD10006DF8E /* FirebaseCrashlytics */ = {
			isa = XCSwiftPackageProductDependency;
			package = 360B5801265F9CD10006DF8E /* XCRemoteSwiftPackageReference "firebase-ios-sdk" */;
			productName = FirebaseCrashlytics;
		};
		360B5807265F9DB80006DF8E /* Nimble */ = {
			isa = XCSwiftPackageProductDependency;
			package = 360B5806265F9DB80006DF8E /* XCRemoteSwiftPackageReference "Nimble" */;
			productName = Nimble;
		};
		360B580A265F9DF80006DF8E /* Quick */ = {
			isa = XCSwiftPackageProductDependency;
			package = 360B5809265F9DF80006DF8E /* XCRemoteSwiftPackageReference "Quick" */;
			productName = Quick;
		};
		36A8681F26614B0100435B67 /* AlamofireImage */ = {
			isa = XCSwiftPackageProductDependency;
			package = 36A8681E26614B0100435B67 /* XCRemoteSwiftPackageReference "AlamofireImage" */;
			productName = AlamofireImage;
		};
/* End XCSwiftPackageProductDependency section */
	};
	rootObject = 360B57BD265F98120006DF8E /* Project object */;
}
